
Microsoft Visual Studio Solution File, Format Version 12.00
# Visual Studio Version 17
VisualStudioVersion = 17.6.33723.286
MinimumVisualStudioVersion = 10.0.40219.1
Project("{FAE04EC0-301F-11D3-BF4B-00C04F79EFBC}") = "testrobot", "testrobot.csproj", "{83B1EA3B-1987-4BF9-AC4D-7AA40B6A4A50}"
EndProject
Project("{9A19103F-16F7-4668-BE54-9A1E7A4F7556}") = "ChatUAISDK", "..\chatu-net-sdk\src\ChatUAISDK\ChatUAISDK.csproj", "{3960C8D1-8104-41AD-9DB8-C13BA740C831}"
EndProject
Global
	GlobalSection(SolutionConfigurationPlatforms) = preSolution
		Debug|Any CPU = Debug|Any CPU
		Release|Any CPU = Release|Any CPU
	EndGlobalSection
	GlobalSection(ProjectConfigurationPlatforms) = postSolution
		{83B1EA3B-1987-4BF9-AC4D-7AA40B6A4A50}.Debug|Any CPU.ActiveCfg = Debug|Any CPU
		{83B1EA3B-1987-4BF9-AC4D-7AA40B6A4A50}.Debug|Any CPU.Build.0 = Debug|Any CPU
		{83B1EA3B-1987-4BF9-AC4D-7AA40B6A4A50}.Release|Any CPU.ActiveCfg = Release|Any CPU
		{83B1EA3B-1987-4BF9-AC4D-7AA40B6A4A50}.Release|Any CPU.Build.0 = Release|Any CPU
		{3960C8D1-8104-41AD-9DB8-C13BA740C831}.Debug|Any CPU.ActiveCfg = Debug|Any CPU
		{3960C8D1-8104-41AD-9DB8-C13BA740C831}.Debug|Any CPU.Build.0 = Debug|Any CPU
		{3960C8D1-8104-41AD-9DB8-C13BA740C831}.Release|Any CPU.ActiveCfg = Release|Any CPU
		{3960C8D1-8104-41AD-9DB8-C13BA740C831}.Release|Any CPU.Build.0 = Release|Any CPU
	EndGlobalSection
	GlobalSection(SolutionProperties) = preSolution
		HideSolutionNode = FALSE
	EndGlobalSection
	GlobalSection(ExtensibilityGlobals) = postSolution
		SolutionGuid = {4BA944D3-85B3-4AFF-A8E2-0AFB14F206E5}
	EndGlobalSection
EndGlobal
